
Microsoft Visual Studio Solution File, Format Version 12.00
# Visual Studio 15
VisualStudioVersion = 15.0.27428.1
MinimumVisualStudioVersion = 10.0.40219.1
Project("{FAE04EC0-301F-11D3-BF4B-00C04F79EFBC}") = "HashTable", "HashTable\HashTable.csproj", "{845A7EA0-C8FF-4A05-807D-C7340B4E3F60}"
EndProject
Global
	GlobalSection(SolutionConfigurationPlatforms) = preSolution
		Debug|Any CPU = Debug|Any CPU
		Release|Any CPU = Release|Any CPU
	EndGlobalSection
	GlobalSection(ProjectConfigurationPlatforms) = postSolution
		{845A7EA0-C8FF-4A05-807D-C7340B4E3F60}.Debug|Any CPU.ActiveCfg = Debug|Any CPU
		{845A7EA0-C8FF-4A05-807D-C7340B4E3F60}.Debug|Any CPU.Build.0 = Debug|Any CPU
		{845A7EA0-C8FF-4A05-807D-C7340B4E3F60}.Release|Any CPU.ActiveCfg = Release|Any CPU
		{845A7EA0-C8FF-4A05-807D-C7340B4E3F60}.Release|Any CPU.Build.0 = Release|Any CPU
	EndGlobalSection
	GlobalSection(SolutionProperties) = preSolution
		HideSolutionNode = FALSE
	EndGlobalSection
	GlobalSection(ExtensibilityGlobals) = postSolution
		SolutionGuid = {847E259C-1804-406E-B186-6228F4CAB436}
	EndGlobalSection
EndGlobal
